lockfileVersion: '9.0'

settings:
  autoInstallPeers: true
  excludeLinksFromLockfile: false

importers:

  .:
    devDependencies:
      '@moonbit/moonbit-lsp':
        specifier: ^0.1.202411250
        version: 0.1.202411250
      vscode-langservers-extracted:
        specifier: ^4.10.0
        version: 4.10.0

packages:

  '@moonbit/moonbit-lsp@0.1.202411250':
    resolution: {integrity: sha512-46XTN/Lv280QDAdzyv9mNXVlXGlz4ClGY2ih6nz9qAvd980SgVi/Uw4OpxTs8CYkZ8MwRT6Lqlyi70TAv/I1FQ==}
    hasBin: true

  '@vscode/l10n@0.0.10':
    resolution: {integrity: sha512-E1OCmDcDWa0Ya7vtSjp/XfHFGqYJfh+YPC1RkATU71fTac+j1JjCcB3qwSzmlKAighx2WxhLlfhS0RwAN++PFQ==}

  '@vscode/l10n@0.0.18':
    resolution: {integrity: sha512-KYSIHVmslkaCDyw013pphY+d7x1qV8IZupYfeIfzNA+nsaWHbn5uPuQRvdRFsa9zFzGeudPuoGoZ1Op4jrJXIQ==}

  boolbase@1.0.0:
    resolution: {integrity: sha512-JZOSA7Mo9sNGB8+UjSgzdLtokWAky1zbztM3WRLCbZ70/3cTANmQmOdR7y2g+J0e2WXywy1yS468tY+IruqEww==}

  core-js@3.38.1:
    resolution: {integrity: sha512-OP35aUorbU3Zvlx7pjsFdu1rGNnD4pgw/CWoYzRY3t2EzoVT7shKHY1dlAy3f41cGIO7ZDPQimhGFTlEYkG/Hw==}

  css-select@5.1.0:
    resolution: {integrity: sha512-nwoRF1rvRRnnCqqY7updORDsuqKzqYJ28+oSMaJMMgOauh3fvwHqMS7EZpIPqK8GL+g9mKxF1vP/ZjSeNjEVHg==}

  css-what@6.1.0:
    resolution: {integrity: sha512-HTUrgRJ7r4dsZKU6GjmpfRK1O76h97Z8MfS1G0FozR+oF2kG6Vfe8JE6zwrkbxigziPHinCJ+gCPjA9EaBDtRw==}
    engines: {node: '>= 6'}

  dom-serializer@2.0.0:
    resolution: {integrity: sha512-wIkAryiqt/nV5EQKqQpo3SToSOV9J0DnbJqwK7Wv/Trc92zIAYZ4FlMu+JPFW1DfGFt81ZTCGgDEabffXeLyJg==}

  domelementtype@2.3.0:
    resolution: {integrity: sha512-OLETBj6w0OsagBwdXnPdN0cnMfF9opN69co+7ZrbfPGrdpPVNBUj02spi6B1N7wChLQiPn4CSH/zJvXw56gmHw==}

  domhandler@5.0.3:
    resolution: {integrity: sha512-cgwlv/1iFQiFnU96XXgROh8xTeetsnJiDsTc7TYCLFd9+/WNkIqPTxiM/8pSd8VIrhXGTf1Ny1q1hquVqDJB5w==}
    engines: {node: '>= 4'}

  domutils@3.1.0:
    resolution: {integrity: sha512-H78uMmQtI2AhgDJjWeQmHwJJ2bLPD3GMmO7Zja/ZZh84wkm+4ut+IUnUdRa8uCGX88DiVx1j6FRe1XfxEgjEZA==}

  entities@4.5.0:
    resolution: {integrity: sha512-V0hjH4dGPh9Ao5p0MoRY6BVqtwCjhz6vI5LT8AJ55H+4g9/4vbHx1I54fS0XuclLhDHArPQCiMjDxjaL8fPxhw==}
    engines: {node: '>=0.12'}

  he@1.2.0:
    resolution: {integrity: sha512-F/1DnUGPopORZi0ni+CvrCgHQ5FyEAHRLSApuYWMmrbSwoN2Mn/7k+Gl38gJnR7yyDZk6WLXwiGod1JOWNDKGw==}
    hasBin: true

  jsonc-parser@3.3.1:
    resolution: {integrity: sha512-HUgH65KyejrUFPvHFPbqOY0rsFip3Bo5wb4ngvdi1EpCYWUQDC5V+Y7mZws+DLkr4M//zQJoanu1SP+87Dv1oQ==}

  node-html-parser@6.1.13:
    resolution: {integrity: sha512-qIsTMOY4C/dAa5Q5vsobRpOOvPfC4pB61UVW2uSwZNUp0QU/jCekTal1vMmbO0DgdHeLUJpv/ARmDqErVxA3Sg==}

  nth-check@2.1.1:
    resolution: {integrity: sha512-lqjrjmaOoAnWfMmBPL+XNnynZh2+swxiX3WUE0s4yEHI6m+AwrK2UZOimIRl3X/4QctVqS8AiZjFqyOGrMXb/w==}

  picomatch@2.3.1:
    resolution: {integrity: sha512-JU3teHTNjmE2VCGFzuY8EXzCDVwEqB2a8fsIvwaStHhAWJEeVd1o1QD80CU6+ZdEXXSLbSsuLwJjkCBWqRQUVA==}
    engines: {node: '>=8.6'}

  regenerator-runtime@0.13.11:
    resolution: {integrity: sha512-kY1AZVr2Ra+t+piVaJ4gxaFaReZVH40AKNo7UCX6W+dEwBo/2oZJzqfuN1qLq1oL45o56cPaTXELwrTh8Fpggg==}

  request-light@0.7.0:
    resolution: {integrity: sha512-lMbBMrDoxgsyO+yB3sDcrDuX85yYt7sS8BfQd11jtbW/z5ZWgLZRcEGLsLoYw7I0WSUGQBs8CC8ScIxkTX1+6Q==}

  semver@7.6.3:
    resolution: {integrity: sha512-oVekP1cKtI+CTDvHWYFUcMtsK/00wmAEfyqKfNdARm8u1wNVhSgaX7A8d4UuIlUI5e84iEwOhs7ZPYRmzU9U6A==}
    engines: {node: '>=10'}
    hasBin: true

  typescript@4.9.5:
    resolution: {integrity: sha512-1FXk9E2Hm+QzZQ7z+McJiHL4NW1F2EzMu9Nq9i3zAaGqibafqYwCVU6WyWAuyQRRzOlxou8xZSyXLEN8oKj24g==}
    engines: {node: '>=4.2.0'}
    hasBin: true

  vscode-css-languageservice@6.3.1:
    resolution: {integrity: sha512-1BzTBuJfwMc3A0uX4JBdJgoxp74cjj4q2mDJdp49yD/GuAq4X0k5WtK6fNcMYr+FfJ9nqgR6lpfCSZDkARJ5qQ==}

  vscode-html-languageservice@5.3.1:
    resolution: {integrity: sha512-ysUh4hFeW/WOWz/TO9gm08xigiSsV/FOAZ+DolgJfeLftna54YdmZ4A+lIn46RbdO3/Qv5QHTn1ZGqmrXQhZyA==}

  vscode-json-languageservice@5.4.1:
    resolution: {integrity: sha512-5czFGNyVPxz3ZJYl8R3a3SuIj5gjhmGF4Wv05MRPvD4DEnHK6b8km4VbNMJNHBlTCh7A0aHzUbPVzo+0C18mCA==}

  vscode-jsonrpc@8.2.0:
    resolution: {integrity: sha512-C+r0eKJUIfiDIfwJhria30+TYWPtuHJXHtI7J0YlOmKAo7ogxP20T0zxB7HZQIFhIyvoBPwWskjxrvAtfjyZfA==}
    engines: {node: '>=14.0.0'}

  vscode-jsonrpc@9.0.0-next.6:
    resolution: {integrity: sha512-KCSvUNsFiVciG9iqjJKBZOd66CN3ZKohDlYRmoOi+pd8l15MFLZ8wRG4c+wuzePGba/8WcCG2TM+C/GVlvuaeA==}
    engines: {node: '>=14.0.0'}

  vscode-langservers-extracted@4.10.0:
    resolution: {integrity: sha512-EFf9uQI4dAKbzMQFjDvVm1xJq1DXAQvBEuEfPGrK/xzfsL5xWTfIuRr90NgfmqwO+IEt6vLZm9EOj6R66xIifg==}
    hasBin: true

  vscode-languageserver-protocol@3.17.5:
    resolution: {integrity: sha512-mb1bvRJN8SVznADSGWM9u/b07H7Ecg0I3OgXDuLdn307rl/J3A9YD6/eYOssqhecL27hK1IPZAsaqh00i/Jljg==}

  vscode-languageserver-protocol@3.17.6-next.11:
    resolution: {integrity: sha512-GeJxEp1TiLsp79f8WG5n10wLViXfgFKb99hU9K8m7KDWM95/QFEqWkm79f9LVm54tUK74I91a9EeiQLCS/FABQ==}

  vscode-languageserver-textdocument@1.0.12:
    resolution: {integrity: sha512-cxWNPesCnQCcMPeenjKKsOCKQZ/L6Tv19DTRIGuLWe32lyzWhihGVJ/rcckZXJxfdKCFvRLS3fpBIsV/ZGX4zA==}

  vscode-languageserver-types@3.17.5:
    resolution: {integrity: sha512-Ld1VelNuX9pdF39h2Hgaeb5hEZM2Z3jUrrMgWQAu82jMtZp7p3vJT3BzToKtZI7NgQssZje5o0zryOrhQvzQAg==}

  vscode-languageserver-types@3.17.6-next.5:
    resolution: {integrity: sha512-QFmf3Yl1tCgUQfA77N9Me/LXldJXkIVypQbty2rJ1DNHQkC+iwvm4Z2tXg9czSwlhvv0pD4pbF5mT7WhAglolw==}

  vscode-languageserver@10.0.0-next.11:
    resolution: {integrity: sha512-cmobSrVDYhlh/t02vz/bV8nNpds8mus5HnILULae2iAvOjoaJPnTAp0jJWoYdUqTpIVzT9JV6JMKqLEvdqpeqg==}
    hasBin: true

  vscode-markdown-languageservice@0.5.0-alpha.7:
    resolution: {integrity: sha512-Iq9S5YGHm3D/UG9Usm8a/O5tYCo9FwaMF7nJsDQCxKgVZu5OzwOj3ixDkhoM+c8GKXiwt23DxhhWRuvI4odkTg==}

  vscode-nls@5.2.0:
    resolution: {integrity: sha512-RAaHx7B14ZU04EU31pT+rKz2/zSl7xMsfIZuo8pd+KZO6PXtQmpevpq3vxvWNcrGbdmhM/rr5Uw5Mz+NBfhVng==}

  vscode-uri@3.0.8:
    resolution: {integrity: sha512-AyFQ0EVmsOZOlAnxoFOGOq1SQDWAB7C6aqMGS23svWAllfOaxbuFvcT8D1i8z3Gyn8fraVeZNNmN6e9bxxXkKw==}

snapshots:

  '@moonbit/moonbit-lsp@0.1.202411250': {}

  '@vscode/l10n@0.0.10': {}

  '@vscode/l10n@0.0.18': {}

  boolbase@1.0.0: {}

  core-js@3.38.1: {}

  css-select@5.1.0:
    dependencies:
      boolbase: 1.0.0
      css-what: 6.1.0
      domhandler: 5.0.3
      domutils: 3.1.0
      nth-check: 2.1.1

  css-what@6.1.0: {}

  dom-serializer@2.0.0:
    dependencies:
      domelementtype: 2.3.0
      domhandler: 5.0.3
      entities: 4.5.0

  domelementtype@2.3.0: {}

  domhandler@5.0.3:
    dependencies:
      domelementtype: 2.3.0

  domutils@3.1.0:
    dependencies:
      dom-serializer: 2.0.0
      domelementtype: 2.3.0
      domhandler: 5.0.3

  entities@4.5.0: {}

  he@1.2.0: {}

  jsonc-parser@3.3.1: {}

  node-html-parser@6.1.13:
    dependencies:
      css-select: 5.1.0
      he: 1.2.0

  nth-check@2.1.1:
    dependencies:
      boolbase: 1.0.0

  picomatch@2.3.1: {}

  regenerator-runtime@0.13.11: {}

  request-light@0.7.0: {}

  semver@7.6.3: {}

  typescript@4.9.5: {}

  vscode-css-languageservice@6.3.1:
    dependencies:
      '@vscode/l10n': 0.0.18
      vscode-languageserver-textdocument: 1.0.12
      vscode-languageserver-types: 3.17.5
      vscode-uri: 3.0.8

  vscode-html-languageservice@5.3.1:
    dependencies:
      '@vscode/l10n': 0.0.18
      vscode-languageserver-textdocument: 1.0.12
      vscode-languageserver-types: 3.17.5
      vscode-uri: 3.0.8

  vscode-json-languageservice@5.4.1:
    dependencies:
      '@vscode/l10n': 0.0.18
      jsonc-parser: 3.3.1
      vscode-languageserver-textdocument: 1.0.12
      vscode-languageserver-types: 3.17.5
      vscode-uri: 3.0.8

  vscode-jsonrpc@8.2.0: {}

  vscode-jsonrpc@9.0.0-next.6: {}

  vscode-langservers-extracted@4.10.0:
    dependencies:
      '@vscode/l10n': 0.0.18
      core-js: 3.38.1
      jsonc-parser: 3.3.1
      regenerator-runtime: 0.13.11
      request-light: 0.7.0
      semver: 7.6.3
      typescript: 4.9.5
      vscode-css-languageservice: 6.3.1
      vscode-html-languageservice: 5.3.1
      vscode-json-languageservice: 5.4.1
      vscode-languageserver: 10.0.0-next.11
      vscode-languageserver-textdocument: 1.0.12
      vscode-languageserver-types: 3.17.5
      vscode-markdown-languageservice: 0.5.0-alpha.7
      vscode-nls: 5.2.0
      vscode-uri: 3.0.8

  vscode-languageserver-protocol@3.17.5:
    dependencies:
      vscode-jsonrpc: 8.2.0
      vscode-languageserver-types: 3.17.5

  vscode-languageserver-protocol@3.17.6-next.11:
    dependencies:
      vscode-jsonrpc: 9.0.0-next.6
      vscode-languageserver-types: 3.17.6-next.5

  vscode-languageserver-textdocument@1.0.12: {}

  vscode-languageserver-types@3.17.5: {}

  vscode-languageserver-types@3.17.6-next.5: {}

  vscode-languageserver@10.0.0-next.11:
    dependencies:
      vscode-languageserver-protocol: 3.17.6-next.11

  vscode-markdown-languageservice@0.5.0-alpha.7:
    dependencies:
      '@vscode/l10n': 0.0.10
      node-html-parser: 6.1.13
      picomatch: 2.3.1
      vscode-languageserver-protocol: 3.17.5
      vscode-languageserver-textdocument: 1.0.12
      vscode-uri: 3.0.8

  vscode-nls@5.2.0: {}

  vscode-uri@3.0.8: {}
