lockfileVersion: '9.0'

settings:
  autoInstallPeers: true
  excludeLinksFromLockfile: false

importers:

  .:
    devDependencies:
      '@moonbit/moonbit-lsp':
        specifier: ^0.1.202409240
        version: 0.1.202409240

packages:

  '@moonbit/moonbit-lsp@0.1.202409240':
    resolution: {integrity: sha512-cBxcMhlSoypb7U4znYCBZITCEiCHzcxYsK5jN3swzNTM08uN+K8Hdz8iSPHvu+k3GXnvmVJ9+FINtXgUehM6Bw==}
    hasBin: true

snapshots:

  '@moonbit/moonbit-lsp@0.1.202409240': {}
